
Microsoft Visual Studio Solution File, Format Version 12.00
# Visual Studio Version 17
VisualStudioVersion = 17.6.33723.286
MinimumVisualStudioVersion = 10.0.40219.1
Project("{FAE04EC0-301F-11D3-BF4B-00C04F79EFBC}") = "EFCore5WebApp", "EFCore5WebApp\EFCore5WebApp.csproj", "{1158E565-B3C3-4E3B-A170-296EC7690866}"
EndProject
Project("{FAE04EC0-301F-11D3-BF4B-00C04F79EFBC}") = "EFCore5WebApp.Core", "EFCore5WebApp.Core\EFCore5WebApp.Core.csproj", "{98D368F0-4F1F-4E76-B434-2C08A51B1200}"
EndProject
Project("{FAE04EC0-301F-11D3-BF4B-00C04F79EFBC}") = "EFCore5WebApp.Core.Tests", "EFCore5WebApp.Core.Tests\EFCore5WebApp.Core.Tests.csproj", "{06A3F4BB-5E8E-410A-995D-B47B18EA5741}"
EndProject
Project("{FAE04EC0-301F-11D3-BF4B-00C04F79EFBC}") = "EFCore5WebApp.DAL", "EFCore5WebApp.DAL\EFCore5WebApp.DAL.csproj", "{EC9185C3-07D8-49DE-AC6D-B960C3125F60}"
EndProject
Project("{FAE04EC0-301F-11D3-BF4B-00C04F79EFBC}") = "EFCore5WebApp.DAL.Tests", "EFCore5WebApp.DAL.Tests\EFCore5WebApp.DAL.Tests.csproj", "{1DC755F9-471D-4B8C-AD09-CCD6C38A6F20}"
EndProject
Global
	GlobalSection(SolutionConfigurationPlatforms) = preSolution
		Debug|Any CPU = Debug|Any CPU
		Release|Any CPU = Release|Any CPU
	EndGlobalSection
	GlobalSection(ProjectConfigurationPlatforms) = postSolution
		{1158E565-B3C3-4E3B-A170-296EC7690866}.Debug|Any CPU.ActiveCfg = Debug|Any CPU
		{1158E565-B3C3-4E3B-A170-296EC7690866}.Debug|Any CPU.Build.0 = Debug|Any CPU
		{1158E565-B3C3-4E3B-A170-296EC7690866}.Release|Any CPU.ActiveCfg = Release|Any CPU
		{1158E565-B3C3-4E3B-A170-296EC7690866}.Release|Any CPU.Build.0 = Release|Any CPU
		{98D368F0-4F1F-4E76-B434-2C08A51B1200}.Debug|Any CPU.ActiveCfg = Debug|Any CPU
		{98D368F0-4F1F-4E76-B434-2C08A51B1200}.Debug|Any CPU.Build.0 = Debug|Any CPU
		{98D368F0-4F1F-4E76-B434-2C08A51B1200}.Release|Any CPU.ActiveCfg = Release|Any CPU
		{98D368F0-4F1F-4E76-B434-2C08A51B1200}.Release|Any CPU.Build.0 = Release|Any CPU
		{06A3F4BB-5E8E-410A-995D-B47B18EA5741}.Debug|Any CPU.ActiveCfg = Debug|Any CPU
		{06A3F4BB-5E8E-410A-995D-B47B18EA5741}.Debug|Any CPU.Build.0 = Debug|Any CPU
		{06A3F4BB-5E8E-410A-995D-B47B18EA5741}.Release|Any CPU.ActiveCfg = Release|Any CPU
		{06A3F4BB-5E8E-410A-995D-B47B18EA5741}.Release|Any CPU.Build.0 = Release|Any CPU
		{EC9185C3-07D8-49DE-AC6D-B960C3125F60}.Debug|Any CPU.ActiveCfg = Debug|Any CPU
		{EC9185C3-07D8-49DE-AC6D-B960C3125F60}.Debug|Any CPU.Build.0 = Debug|Any CPU
		{EC9185C3-07D8-49DE-AC6D-B960C3125F60}.Release|Any CPU.ActiveCfg = Release|Any CPU
		{EC9185C3-07D8-49DE-AC6D-B960C3125F60}.Release|Any CPU.Build.0 = Release|Any CPU
		{1DC755F9-471D-4B8C-AD09-CCD6C38A6F20}.Debug|Any CPU.ActiveCfg = Debug|Any CPU
		{1DC755F9-471D-4B8C-AD09-CCD6C38A6F20}.Debug|Any CPU.Build.0 = Debug|Any CPU
		{1DC755F9-471D-4B8C-AD09-CCD6C38A6F20}.Release|Any CPU.ActiveCfg = Release|Any CPU
		{1DC755F9-471D-4B8C-AD09-CCD6C38A6F20}.Release|Any CPU.Build.0 = Release|Any CPU
	EndGlobalSection
	GlobalSection(SolutionProperties) = preSolution
		HideSolutionNode = FALSE
	EndGlobalSection
	GlobalSection(ExtensibilityGlobals) = postSolution
		SolutionGuid = {A9EA2075-DBF7-45BA-870C-31D0E9FEDD36}
	EndGlobalSection
EndGlobal
